Microsoft Visual Studio Solution File, Format Version 11.00
# Visual Studio 2010
Project("{5b2a6024-48b0-4350-b266-8d884e55b808}") = "THU.LabSystemBP.Deploy", "Deploy\THU.LabSystemBP.Deploy.csproj ", "{A26296D7-57BE-47AC-AE70-C425CC4A3F7D}"
EndProject
Project("{63ea63c3-a4a3-40bf-95c4-775455d49bfa}") = "THU.LabSystemBP.Agent", "Agent\THU.LabSystemBP.Agent.csproj ", "{A0C465BE-AED3-40AB-9C38-C569147D08E6}"
EndProject
Project("{febf4720-24fa-4bb3-8d4f-5524a8bcc631}") = "THU.LabSystemBP", "BP\THU.LabSystemBP.csproj ", "{C0215FA6-FFAC-4ECF-81CF-F26C3A5B8728}"
EndProject
Global
	GlobalSection(SolutionConfigurationPlatforms) = preSolution
		Debug|Any CPU = Debug|Any CPU
		Release|Any CPU = Release|Any CPU
	EndGlobalSection
	GlobalSection(ProjectConfigurationPlatforms) = postSolution
		{A26296D7-57BE-47AC-AE70-C425CC4A3F7D}.Debug|Any CPU.ActiveCfg = Debug|Any CPU
{A26296D7-57BE-47AC-AE70-C425CC4A3F7D}.Debug|Any CPU.Build.0 = Debug|Any CPU
{A26296D7-57BE-47AC-AE70-C425CC4A3F7D}.Release|Any CPU.ActiveCfg = Debug|Any CPU
{A26296D7-57BE-47AC-AE70-C425CC4A3F7D}.Release|Any CPU.Build.0 = Debug|Any CPU
{A0C465BE-AED3-40AB-9C38-C569147D08E6}.Debug|Any CPU.ActiveCfg = Debug|Any CPU
{A0C465BE-AED3-40AB-9C38-C569147D08E6}.Debug|Any CPU.Build.0 = Debug|Any CPU
{A0C465BE-AED3-40AB-9C38-C569147D08E6}.Release|Any CPU.ActiveCfg = Debug|Any CPU
{A0C465BE-AED3-40AB-9C38-C569147D08E6}.Release|Any CPU.Build.0 = Debug|Any CPU
{C0215FA6-FFAC-4ECF-81CF-F26C3A5B8728}.Debug|Any CPU.ActiveCfg = Debug|Any CPU
{C0215FA6-FFAC-4ECF-81CF-F26C3A5B8728}.Debug|Any CPU.Build.0 = Debug|Any CPU
{C0215FA6-FFAC-4ECF-81CF-F26C3A5B8728}.Release|Any CPU.ActiveCfg = Debug|Any CPU
{C0215FA6-FFAC-4ECF-81CF-F26C3A5B8728}.Release|Any CPU.Build.0 = Debug|Any CPU
	EndGlobalSection
	GlobalSection(SolutionProperties) = preSolution
		HideSolutionNode = FALSE
	EndGlobalSection
EndGlobal

